PODS:
  - GiphyCoreSDK (1.1.0)
  - KeychainAccess (3.1.0)
  - Kingfisher (4.6.3)
  - RxCocoa (4.1.2):
    - RxSwift (~> 4.0)
  - RxSwift (4.1.2)

DEPENDENCIES:
  - GiphyCoreSDK (~> 1.1.0)
  - KeychainAccess (~> 3.1.0)
  - Kingfisher (~> 4.6.3)
  - RxCocoa (~> 4.0)
  - RxSwift (~> 4.0)

SPEC CHECKSUMS:
  GiphyCoreSDK: 1bfdbc1c9ae2c09bbaa39b3a6159cbb9bf240a4a
  KeychainAccess: 94c5540b32eabf7bc32bfb976a268e8ea05fd6da
  Kingfisher: 98e6d5b5e807645743e8ed5ececd25d688d38452
  RxCocoa: d88ba0f1f6abf040011a9eb4b539324fc426843a
  RxSwift: e49536837d9901277638493ea537394d4b55f570

PODFILE CHECKSUM: 1ae128b53ac0040616cdd53ac386bb1e913a9627

COCOAPODS: 1.4.0
