PODS:
  - Kingfisher (4.6.3)
  - KVNProgress (2.3.1)
  - RxCocoa (4.1.2):
    - RxSwift (~> 4.0)
  - RxSwift (4.1.2)

DEPENDENCIES:
  - Kingfisher (~> 4.6.3)
  - KVNProgress (~> 2.3.1)
  - RxCocoa (~> 4.0)
  - RxSwift (~> 4.0)

SPEC CHECKSUMS:
  Kingfisher: 98e6d5b5e807645743e8ed5ececd25d688d38452
  KVNProgress: 8167b1f19e2758290c0b6143020ed9dcbb0477a1
  RxCocoa: d88ba0f1f6abf040011a9eb4b539324fc426843a
  RxSwift: e49536837d9901277638493ea537394d4b55f570

PODFILE CHECKSUM: ee5ffcf874d6bf332df20e3e2098d997e4f4e9c7

COCOAPODS: 1.4.0
