PODS:
  - KVNProgress (2.3.1)
  - RxCocoa (4.1.2):
    - RxSwift (~> 4.0)
  - RxSwift (4.1.2)
  - SDWebImage (4.3.3):
    - SDWebImage/Core (= 4.3.3)
  - SDWebImage/Core (4.3.3)

DEPENDENCIES:
  - KVNProgress (~> 2.3.1)
  - RxCocoa (~> 4.0)
  - RxSwift (~> 4.0)
  - SDWebImage (~> 4.3.3)

SPEC CHECKSUMS:
  KVNProgress: 8167b1f19e2758290c0b6143020ed9dcbb0477a1
  RxCocoa: d88ba0f1f6abf040011a9eb4b539324fc426843a
  RxSwift: e49536837d9901277638493ea537394d4b55f570
  SDWebImage: de4d90b5bff3571eae7bd16202b1f43135409fa5

PODFILE CHECKSUM: 53b8f9544de8c35eabc033c7cf9c6f3228eb28a5

COCOAPODS: 1.4.0
