// !$*UTF8*$!
{
	archiveVersion = 1;
	classes = {
	};
	objectVersion = 48;
	objects = {

/* Begin PBXBuildFile section */
		492D1E6A20585B7900E22DB8 /* HomeViewController.swift in Sources */ = {isa = PBXBuildFile; fileRef = 492D1E6920585B7900E22DB8 /* HomeViewController.swift */; };
		492D1E6C20585BA400E22DB8 /* BaseViewController.swift in Sources */ = {isa = PBXBuildFile; fileRef = 492D1E6B20585BA400E22DB8 /* BaseViewController.swift */; };
		492D1E7220585DF000E22DB8 /* String+Utility.swift in Sources */ = {isa = PBXBuildFile; fileRef = 492D1E6E20585DF000E22DB8 /* String+Utility.swift */; };
		492D1E7320585DF000E22DB8 /* UIImage+Brightness.swift in Sources */ = {isa = PBXBuildFile; fileRef = 492D1E6F20585DF000E22DB8 /* UIImage+Brightness.swift */; };
		492D1E7420585DF000E22DB8 /* UIFont+AppFonts.swift in Sources */ = {isa = PBXBuildFile; fileRef = 492D1E7020585DF000E22DB8 /* UIFont+AppFonts.swift */; };
		492D1E7520585DF000E22DB8 /* UIColor+AppColors.swift in Sources */ = {isa = PBXBuildFile; fileRef = 492D1E7120585DF000E22DB8 /* UIColor+AppColors.swift */; };
		492D1E79205861FF00E22DB8 /* StyleController.swift in Sources */ = {isa = PBXBuildFile; fileRef = 492D1E78205861FF00E22DB8 /* StyleController.swift */; };
		492D1E882058740900E22DB8 /* HomeTableViewCell.swift in Sources */ = {isa = PBXBuildFile; fileRef = 492D1E872058740900E22DB8 /* HomeTableViewCell.swift */; };
		4934A1B320605B64008416D7 /* OnboardingViewController.swift in Sources */ = {isa = PBXBuildFile; fileRef = 4934A1B220605B1A008416D7 /* OnboardingViewController.swift */; };
		4934A1B520605CEC008416D7 /* MessaageView.swift in Sources */ = {isa = PBXBuildFile; fileRef = 4934A1B420605CEC008416D7 /* MessaageView.swift */; };
		4934A1B72060677A008416D7 /* OnboardingViewModel.swift in Sources */ = {isa = PBXBuildFile; fileRef = 4934A1B62060677A008416D7 /* OnboardingViewModel.swift */; };
		4977A2032061A9F1007DFE3D /* EmptyStateView.swift in Sources */ = {isa = PBXBuildFile; fileRef = 4977A2022061A9F1007DFE3D /* EmptyStateView.swift */; };
		4977A2052061B160007DFE3D /* LoginStateView.swift in Sources */ = {isa = PBXBuildFile; fileRef = 4977A2042061B160007DFE3D /* LoginStateView.swift */; };
		4977A2082061C9A3007DFE3D /* PinterestSearchPinsRequest.swift in Sources */ = {isa = PBXBuildFile; fileRef = 4977A2072061C9A3007DFE3D /* PinterestSearchPinsRequest.swift */; };
		4977A20A2062EE29007DFE3D /* PinterestErrorModel.swift in Sources */ = {isa = PBXBuildFile; fileRef = 4977A2092062EE29007DFE3D /* PinterestErrorModel.swift */; };
		4977A20C2062F76B007DFE3D /* ErrorModel.swift in Sources */ = {isa = PBXBuildFile; fileRef = 4977A20B2062F76B007DFE3D /* ErrorModel.swift */; };
		4977A20E2062FA60007DFE3D /* ErrorHandler.swift in Sources */ = {isa = PBXBuildFile; fileRef = 4977A20D2062FA60007DFE3D /* ErrorHandler.swift */; };
		4977A2122062FB68007DFE3D /* PinterestErrorHandler.swift in Sources */ = {isa = PBXBuildFile; fileRef = 4977A2112062FB68007DFE3D /* PinterestErrorHandler.swift */; };
		4977A216206301F1007DFE3D /* UIAlertController+Extensions.swift in Sources */ = {isa = PBXBuildFile; fileRef = 4977A215206301F1007DFE3D /* UIAlertController+Extensions.swift */; };
		4977A21820630BB4007DFE3D /* PintrestRequestsTests.swift in Sources */ = {isa = PBXBuildFile; fileRef = 4977A21720630BB4007DFE3D /* PintrestRequestsTests.swift */; };
		4977A21A2063106B007DFE3D /* FakePhotoProvider.swift in Sources */ = {isa = PBXBuildFile; fileRef = 4977A2192063106B007DFE3D /* FakePhotoProvider.swift */; };
		4977A21C20631245007DFE3D /* HomeViewControllerTests.swift in Sources */ = {isa = PBXBuildFile; fileRef = 4977A21B20631245007DFE3D /* HomeViewControllerTests.swift */; };
		4977A21E20631808007DFE3D /* PinterestErrorHandlerTests.swift in Sources */ = {isa = PBXBuildFile; fileRef = 4977A21D20631808007DFE3D /* PinterestErrorHandlerTests.swift */; };
		4977A22020632243007DFE3D /* PhotoPreviewViewControllerTransition.swift in Sources */ = {isa = PBXBuildFile; fileRef = 4977A21F20632242007DFE3D /* PhotoPreviewViewControllerTransition.swift */; };
		498603EA2059A39700F48BA7 /* PhotosProvider.swift in Sources */ = {isa = PBXBuildFile; fileRef = 498603E92059A39700F48BA7 /* PhotosProvider.swift */; };
		498603ED2059AC7400F48BA7 /* APIClient.swift in Sources */ = {isa = PBXBuildFile; fileRef = 498603EB2059AC7400F48BA7 /* APIClient.swift */; };
		498603EE2059AC7400F48BA7 /* APIRequest.swift in Sources */ = {isa = PBXBuildFile; fileRef = 498603EC2059AC7400F48BA7 /* APIRequest.swift */; };
		498603F22059AD0100F48BA7 /* PinterestProvider.swift in Sources */ = {isa = PBXBuildFile; fileRef = 498603F12059AD0100F48BA7 /* PinterestProvider.swift */; };
		498603F62059D62700F48BA7 /* PinterestResponseModel.swift in Sources */ = {isa = PBXBuildFile; fileRef = 498603F42059D62600F48BA7 /* PinterestResponseModel.swift */; };
		498603F72059D62700F48BA7 /* PinterestPinsRequest.swift in Sources */ = {isa = PBXBuildFile; fileRef = 498603F52059D62700F48BA7 /* PinterestPinsRequest.swift */; };
		498EA2252058475A00319F60 /* AppDelegate.swift in Sources */ = {isa = PBXBuildFile; fileRef = 498EA2242058475A00319F60 /* AppDelegate.swift */; };
		498EA22C2058475A00319F60 /* Assets.xcassets in Resources */ = {isa = PBXBuildFile; fileRef = 498EA22B2058475A00319F60 /* Assets.xcassets */; };
		498EA22F2058475A00319F60 /* LaunchScreen.storyboard in Resources */ = {isa = PBXBuildFile; fileRef = 498EA22D2058475A00319F60 /* LaunchScreen.storyboard */; };
		499797AA2058760D00BB259F /* HomeViewModel.swift in Sources */ = {isa = PBXBuildFile; fileRef = 499797A92058760D00BB259F /* HomeViewModel.swift */; };
		499797AC2058770100BB259F /* PhotoModel.swift in Sources */ = {isa = PBXBuildFile; fileRef = 499797AB205876AD00BB259F /* PhotoModel.swift */; };
		49F47101205AAFC3004FBF62 /* PhotoPreviewViewController.swift in Sources */ = {isa = PBXBuildFile; fileRef = 49F47100205AAFC3004FBF62 /* PhotoPreviewViewController.swift */; };
		49FFD317205B0E1500319E53 /* FlowController.swift in Sources */ = {isa = PBXBuildFile; fileRef = 49FFD316205B0E1500319E53 /* FlowController.swift */; };
		A3DAD97E665534397A72A973 /* Pods_Photo_Viewer.framework in Frameworks */ = {isa = PBXBuildFile; fileRef = DE0FBFF00AE44293B8EAD331 /* Pods_Photo_Viewer.framework */; };
		C4C9BD155FFDFEA2BFB33EB6 /* Pods_Photo_ViewerTests.framework in Frameworks */ = {isa = PBXBuildFile; fileRef = FF660E5C84685E013974FD4D /* Pods_Photo_ViewerTests.framework */; };
/* End PBXBuildFile section */

/* Begin PBXContainerItemProxy section */
		498EA2362058475A00319F60 /* PBXContainerItemProxy */ = {
			isa = PBXContainerItemProxy;
			containerPortal = 498EA2192058475A00319F60 /* Project object */;
			proxyType = 1;
			remoteGlobalIDString = 498EA2202058475A00319F60;
			remoteInfo = "Photo Viewer";
		};
/* End PBXContainerItemProxy section */

/* Begin PBXFileReference section */
		152DD9C7296520CD6CE0C5C4 /* Pods-Photo Viewer.debug.xcconfig */ = {isa = PBXFileReference; includeInIndex = 1; lastKnownFileType = text.xcconfig; name = "Pods-Photo Viewer.debug.xcconfig"; path = "Pods/Target Support Files/Pods-Photo Viewer/Pods-Photo Viewer.debug.xcconfig"; sourceTree = "<group>"; };
		1DE14812260FE100B72E317E /* Pods-Photo ViewerTests.debug.xcconfig */ = {isa = PBXFileReference; includeInIndex = 1; lastKnownFileType = text.xcconfig; name = "Pods-Photo ViewerTests.debug.xcconfig"; path = "Pods/Target Support Files/Pods-Photo ViewerTests/Pods-Photo ViewerTests.debug.xcconfig"; sourceTree = "<group>"; };
		407F609A3C210930E9A6473C /* Pods-Photo ViewerTests.release.xcconfig */ = {isa = PBXFileReference; includeInIndex = 1; lastKnownFileType = text.xcconfig; name = "Pods-Photo ViewerTests.release.xcconfig"; path = "Pods/Target Support Files/Pods-Photo ViewerTests/Pods-Photo ViewerTests.release.xcconfig"; sourceTree = "<group>"; };
		492D1E6920585B7900E22DB8 /* HomeViewController.swift */ = {isa = PBXFileReference; lastKnownFileType = sourcecode.swift; path = HomeViewController.swift; sourceTree = "<group>"; };
		492D1E6B20585BA400E22DB8 /* BaseViewController.swift */ = {isa = PBXFileReference; lastKnownFileType = sourcecode.swift; path = BaseViewController.swift; sourceTree = "<group>"; };
		492D1E6E20585DF000E22DB8 /* String+Utility.swift */ = {isa = PBXFileReference; fileEncoding = 4; lastKnownFileType = sourcecode.swift; path = "String+Utility.swift"; sourceTree = "<group>"; };
		492D1E6F20585DF000E22DB8 /* UIImage+Brightness.swift */ = {isa = PBXFileReference; fileEncoding = 4; lastKnownFileType = sourcecode.swift; path = "UIImage+Brightness.swift"; sourceTree = "<group>"; };
		492D1E7020585DF000E22DB8 /* UIFont+AppFonts.swift */ = {isa = PBXFileReference; fileEncoding = 4; lastKnownFileType = sourcecode.swift; path = "UIFont+AppFonts.swift"; sourceTree = "<group>"; };
		492D1E7120585DF000E22DB8 /* UIColor+AppColors.swift */ = {isa = PBXFileReference; fileEncoding = 4; lastKnownFileType = sourcecode.swift; path = "UIColor+AppColors.swift"; sourceTree = "<group>"; };
		492D1E78205861FF00E22DB8 /* StyleController.swift */ = {isa = PBXFileReference; lastKnownFileType = sourcecode.swift; path = StyleController.swift; sourceTree = "<group>"; };
		492D1E872058740900E22DB8 /* HomeTableViewCell.swift */ = {isa = PBXFileReference; fileEncoding = 4; lastKnownFileType = sourcecode.swift; path = HomeTableViewCell.swift; sourceTree = "<group>"; };
		4934A1B220605B1A008416D7 /* OnboardingViewController.swift */ = {isa = PBXFileReference; lastKnownFileType = sourcecode.swift; path = OnboardingViewController.swift; sourceTree = "<group>"; };
		4934A1B420605CEC008416D7 /* MessaageView.swift */ = {isa = PBXFileReference; lastKnownFileType = sourcecode.swift; path = MessaageView.swift; sourceTree = "<group>"; };
		4934A1B62060677A008416D7 /* OnboardingViewModel.swift */ = {isa = PBXFileReference; lastKnownFileType = sourcecode.swift; path = OnboardingViewModel.swift; sourceTree = "<group>"; };
		4977A2022061A9F1007DFE3D /* EmptyStateView.swift */ = {isa = PBXFileReference; lastKnownFileType = sourcecode.swift; path = EmptyStateView.swift; sourceTree = "<group>"; };
		4977A2042061B160007DFE3D /* LoginStateView.swift */ = {isa = PBXFileReference; fileEncoding = 4; lastKnownFileType = sourcecode.swift; path = LoginStateView.swift; sourceTree = "<group>"; };
		4977A2072061C9A3007DFE3D /* PinterestSearchPinsRequest.swift */ = {isa = PBXFileReference; lastKnownFileType = sourcecode.swift; path = PinterestSearchPinsRequest.swift; sourceTree = "<group>"; };
		4977A2092062EE29007DFE3D /* PinterestErrorModel.swift */ = {isa = PBXFileReference; lastKnownFileType = sourcecode.swift; path = PinterestErrorModel.swift; sourceTree = "<group>"; };
		4977A20B2062F76B007DFE3D /* ErrorModel.swift */ = {isa = PBXFileReference; lastKnownFileType = sourcecode.swift; path = ErrorModel.swift; sourceTree = "<group>"; };
		4977A20D2062FA60007DFE3D /* ErrorHandler.swift */ = {isa = PBXFileReference; lastKnownFileType = sourcecode.swift; path = ErrorHandler.swift; sourceTree = "<group>"; };
		4977A2112062FB68007DFE3D /* PinterestErrorHandler.swift */ = {isa = PBXFileReference; lastKnownFileType = sourcecode.swift; path = PinterestErrorHandler.swift; sourceTree = "<group>"; };
		4977A215206301F1007DFE3D /* UIAlertController+Extensions.swift */ = {isa = PBXFileReference; fileEncoding = 4; lastKnownFileType = sourcecode.swift; path = "UIAlertController+Extensions.swift"; sourceTree = "<group>"; };
		4977A21720630BB4007DFE3D /* PintrestRequestsTests.swift */ = {isa = PBXFileReference; lastKnownFileType = sourcecode.swift; path = PintrestRequestsTests.swift; sourceTree = "<group>"; };
		4977A2192063106B007DFE3D /* FakePhotoProvider.swift */ = {isa = PBXFileReference; lastKnownFileType = sourcecode.swift; path = FakePhotoProvider.swift; sourceTree = "<group>"; };
		4977A21B20631245007DFE3D /* HomeViewControllerTests.swift */ = {isa = PBXFileReference; lastKnownFileType = sourcecode.swift; path = HomeViewControllerTests.swift; sourceTree = "<group>"; };
		4977A21D20631808007DFE3D /* PinterestErrorHandlerTests.swift */ = {isa = PBXFileReference; lastKnownFileType = sourcecode.swift; path = PinterestErrorHandlerTests.swift; sourceTree = "<group>"; };
		4977A21F20632242007DFE3D /* PhotoPreviewViewControllerTransition.swift */ = {isa = PBXFileReference; fileEncoding = 4; lastKnownFileType = sourcecode.swift; path = PhotoPreviewViewControllerTransition.swift; sourceTree = "<group>"; };
		498603E92059A39700F48BA7 /* PhotosProvider.swift */ = {isa = PBXFileReference; lastKnownFileType = sourcecode.swift; path = PhotosProvider.swift; sourceTree = "<group>"; };
		498603EB2059AC7400F48BA7 /* APIClient.swift */ = {isa = PBXFileReference; fileEncoding = 4; lastKnownFileType = sourcecode.swift; path = APIClient.swift; sourceTree = "<group>"; };
		498603EC2059AC7400F48BA7 /* APIRequest.swift */ = {isa = PBXFileReference; fileEncoding = 4; lastKnownFileType = sourcecode.swift; path = APIRequest.swift; sourceTree = "<group>"; };
		498603F12059AD0100F48BA7 /* PinterestProvider.swift */ = {isa = PBXFileReference; lastKnownFileType = sourcecode.swift; path = PinterestProvider.swift; sourceTree = "<group>"; };
		498603F42059D62600F48BA7 /* PinterestResponseModel.swift */ = {isa = PBXFileReference; fileEncoding = 4; lastKnownFileType = sourcecode.swift; path = PinterestResponseModel.swift; sourceTree = "<group>"; };
		498603F52059D62700F48BA7 /* PinterestPinsRequest.swift */ = {isa = PBXFileReference; fileEncoding = 4; lastKnownFileType = sourcecode.swift; path = PinterestPinsRequest.swift; sourceTree = "<group>"; };
		498EA2212058475A00319F60 /* Photo Viewer.app */ = {isa = PBXFileReference; explicitFileType = wrapper.application; includeInIndex = 0; path = "Photo Viewer.app"; sourceTree = BUILT_PRODUCTS_DIR; };
		498EA2242058475A00319F60 /* AppDelegate.swift */ = {isa = PBXFileReference; lastKnownFileType = sourcecode.swift; path = AppDelegate.swift; sourceTree = "<group>"; };
		498EA22B2058475A00319F60 /* Assets.xcassets */ = {isa = PBXFileReference; lastKnownFileType = folder.assetcatalog; path = Assets.xcassets; sourceTree = "<group>"; };
		498EA22E2058475A00319F60 /* Base */ = {isa = PBXFileReference; lastKnownFileType = file.storyboard; name = Base; path = Base.lproj/LaunchScreen.storyboard; sourceTree = "<group>"; };
		498EA2302058475A00319F60 /* Info.plist */ = {isa = PBXFileReference; lastKnownFileType = text.plist.xml; path = Info.plist; sourceTree = "<group>"; };
		498EA2352058475A00319F60 /* Photo ViewerTests.xctest */ = {isa = PBXFileReference; explicitFileType = wrapper.cfbundle; includeInIndex = 0; path = "Photo ViewerTests.xctest"; sourceTree = BUILT_PRODUCTS_DIR; };
		498EA23B2058475A00319F60 /* Info.plist */ = {isa = PBXFileReference; lastKnownFileType = text.plist.xml; path = Info.plist; sourceTree = "<group>"; };
		499797A92058760D00BB259F /* HomeViewModel.swift */ = {isa = PBXFileReference; lastKnownFileType = sourcecode.swift; path = HomeViewModel.swift; sourceTree = "<group>"; };
		499797AB205876AD00BB259F /* PhotoModel.swift */ = {isa = PBXFileReference; lastKnownFileType = sourcecode.swift; path = PhotoModel.swift; sourceTree = "<group>"; };
		49F47100205AAFC3004FBF62 /* PhotoPreviewViewController.swift */ = {isa = PBXFileReference; lastKnownFileType = sourcecode.swift; path = PhotoPreviewViewController.swift; sourceTree = "<group>"; };
		49FFD316205B0E1500319E53 /* FlowController.swift */ = {isa = PBXFileReference; lastKnownFileType = sourcecode.swift; path = FlowController.swift; sourceTree = "<group>"; };
		9BAEA64306382D3072F0D995 /* Pods-Photo Viewer.release.xcconfig */ = {isa = PBXFileReference; includeInIndex = 1; lastKnownFileType = text.xcconfig; name = "Pods-Photo Viewer.release.xcconfig"; path = "Pods/Target Support Files/Pods-Photo Viewer/Pods-Photo Viewer.release.xcconfig"; sourceTree = "<group>"; };
		DE0FBFF00AE44293B8EAD331 /* Pods_Photo_Viewer.framework */ = {isa = PBXFileReference; explicitFileType = wrapper.framework; includeInIndex = 0; path = Pods_Photo_Viewer.framework; sourceTree = BUILT_PRODUCTS_DIR; };
		FF660E5C84685E013974FD4D /* Pods_Photo_ViewerTests.framework */ = {isa = PBXFileReference; explicitFileType = wrapper.framework; includeInIndex = 0; path = Pods_Photo_ViewerTests.framework; sourceTree = BUILT_PRODUCTS_DIR; };
/* End PBXFileReference section */

/* Begin PBXFrameworksBuildPhase section */
		498EA21E2058475A00319F60 /* Frameworks */ = {
			isa = PBXFrameworksBuildPhase;
			buildActionMask = 2147483647;
			files = (
				A3DAD97E665534397A72A973 /* Pods_Photo_Viewer.framework in Frameworks */,
			);
			runOnlyForDeploymentPostprocessing = 0;
		};
		498EA2322058475A00319F60 /* Frameworks */ = {
			isa = PBXFrameworksBuildPhase;
			buildActionMask = 2147483647;
			files = (
				C4C9BD155FFDFEA2BFB33EB6 /* Pods_Photo_ViewerTests.framework in Frameworks */,
			);
			runOnlyForDeploymentPostprocessing = 0;
		};
/* End PBXFrameworksBuildPhase section */

/* Begin PBXGroup section */
		37EACA7372589A2B3D46D314 /* Pods */ = {
			isa = PBXGroup;
			children = (
				152DD9C7296520CD6CE0C5C4 /* Pods-Photo Viewer.debug.xcconfig */,
				9BAEA64306382D3072F0D995 /* Pods-Photo Viewer.release.xcconfig */,
				1DE14812260FE100B72E317E /* Pods-Photo ViewerTests.debug.xcconfig */,
				407F609A3C210930E9A6473C /* Pods-Photo ViewerTests.release.xcconfig */,
			);
			name = Pods;
			sourceTree = "<group>";
		};
		492D1E6720585B2F00E22DB8 /* Resources */ = {
			isa = PBXGroup;
			children = (
				498EA22B2058475A00319F60 /* Assets.xcassets */,
				498EA22D2058475A00319F60 /* LaunchScreen.storyboard */,
				498EA2302058475A00319F60 /* Info.plist */,
			);
			path = Resources;
			sourceTree = "<group>";
		};
		492D1E6820585B4800E22DB8 /* Screens */ = {
			isa = PBXGroup;
			children = (
				492D1E80205867E100E22DB8 /* Home Screen */,
				496FEDBC20632EEE00C56EBF /* Photo Preview Screen */,
				49FFD31A205B193000319E53 /* Onboarding Screen */,
			);
			path = Screens;
			sourceTree = "<group>";
		};
		492D1E6D20585DF000E22DB8 /* Extensions */ = {
			isa = PBXGroup;
			children = (
				492D1E6E20585DF000E22DB8 /* String+Utility.swift */,
				492D1E6F20585DF000E22DB8 /* UIImage+Brightness.swift */,
				492D1E7020585DF000E22DB8 /* UIFont+AppFonts.swift */,
				492D1E7120585DF000E22DB8 /* UIColor+AppColors.swift */,
				4977A215206301F1007DFE3D /* UIAlertController+Extensions.swift */,
			);
			path = Extensions;
			sourceTree = "<group>";
		};
		492D1E7B205866AC00E22DB8 /* Base Class */ = {
			isa = PBXGroup;
			children = (
				492D1E6B20585BA400E22DB8 /* BaseViewController.swift */,
			);
			path = "Base Class";
			sourceTree = "<group>";
		};
		492D1E7C205866BC00E22DB8 /* General */ = {
			isa = PBXGroup;
			children = (
				498EA2242058475A00319F60 /* AppDelegate.swift */,
				492D1E78205861FF00E22DB8 /* StyleController.swift */,
				49FFD316205B0E1500319E53 /* FlowController.swift */,
			);
			path = General;
			sourceTree = "<group>";
		};
		492D1E7D205866CB00E22DB8 /* Protocols */ = {
			isa = PBXGroup;
			children = (
				498603E92059A39700F48BA7 /* PhotosProvider.swift */,
				4977A20D2062FA60007DFE3D /* ErrorHandler.swift */,
			);
			path = Protocols;
			sourceTree = "<group>";
		};
		492D1E7E205866D300E22DB8 /* Models */ = {
			isa = PBXGroup;
			children = (
				499797AB205876AD00BB259F /* PhotoModel.swift */,
			);
			path = Models;
			sourceTree = "<group>";
		};
		492D1E7F205866DB00E22DB8 /* Providers */ = {
			isa = PBXGroup;
			children = (
				498603F32059D60400F48BA7 /* Pinterest */,
			);
			path = Providers;
			sourceTree = "<group>";
		};
		492D1E80205867E100E22DB8 /* Home Screen */ = {
			isa = PBXGroup;
			children = (
				492D1E6920585B7900E22DB8 /* HomeViewController.swift */,
				499797A92058760D00BB259F /* HomeViewModel.swift */,
				492D1E872058740900E22DB8 /* HomeTableViewCell.swift */,
			);
			path = "Home Screen";
			sourceTree = "<group>";
		};
		496FEDBC20632EEE00C56EBF /* Photo Preview Screen */ = {
			isa = PBXGroup;
			children = (
				49F47100205AAFC3004FBF62 /* PhotoPreviewViewController.swift */,
				4977A21F20632242007DFE3D /* PhotoPreviewViewControllerTransition.swift */,
			);
			path = "Photo Preview Screen";
			sourceTree = "<group>";
		};
		4977A2062061B166007DFE3D /* Views */ = {
			isa = PBXGroup;
			children = (
				4977A2022061A9F1007DFE3D /* EmptyStateView.swift */,
				4977A2042061B160007DFE3D /* LoginStateView.swift */,
				4934A1B420605CEC008416D7 /* MessaageView.swift */,
			);
			path = Views;
			sourceTree = "<group>";
		};
		4977A20F2062FB4A007DFE3D /* Requests */ = {
			isa = PBXGroup;
			children = (
				4977A2072061C9A3007DFE3D /* PinterestSearchPinsRequest.swift */,
				498603F52059D62700F48BA7 /* PinterestPinsRequest.swift */,
			);
			path = Requests;
			sourceTree = "<group>";
		};
		4977A2102062FB53007DFE3D /* Models */ = {
			isa = PBXGroup;
			children = (
				498603F42059D62600F48BA7 /* PinterestResponseModel.swift */,
				4977A2092062EE29007DFE3D /* PinterestErrorModel.swift */,
			);
			path = Models;
			sourceTree = "<group>";
		};
		498603F02059ACCD00F48BA7 /* Network */ = {
			isa = PBXGroup;
			children = (
				498603EB2059AC7400F48BA7 /* APIClient.swift */,
				498603EC2059AC7400F48BA7 /* APIRequest.swift */,
				4977A20B2062F76B007DFE3D /* ErrorModel.swift */,
			);
			path = Network;
			sourceTree = "<group>";
		};
		498603F32059D60400F48BA7 /* Pinterest */ = {
			isa = PBXGroup;
			children = (
				498603F12059AD0100F48BA7 /* PinterestProvider.swift */,
				4977A2112062FB68007DFE3D /* PinterestErrorHandler.swift */,
				4977A2102062FB53007DFE3D /* Models */,
				4977A20F2062FB4A007DFE3D /* Requests */,
			);
			path = Pinterest;
			sourceTree = "<group>";
		};
		498EA2182058475A00319F60 = {
			isa = PBXGroup;
			children = (
				498EA2232058475A00319F60 /* Photo Viewer */,
				498EA2382058475A00319F60 /* Photo ViewerTests */,
				498EA2222058475A00319F60 /* Products */,
				37EACA7372589A2B3D46D314 /* Pods */,
				904A94D602C9287868ACDE7D /* Frameworks */,
			);
			sourceTree = "<group>";
		};
		498EA2222058475A00319F60 /* Products */ = {
			isa = PBXGroup;
			children = (
				498EA2212058475A00319F60 /* Photo Viewer.app */,
				498EA2352058475A00319F60 /* Photo ViewerTests.xctest */,
			);
			name = Products;
			sourceTree = "<group>";
		};
		498EA2232058475A00319F60 /* Photo Viewer */ = {
			isa = PBXGroup;
			children = (
				492D1E7C205866BC00E22DB8 /* General */,
				492D1E6D20585DF000E22DB8 /* Extensions */,
				492D1E7B205866AC00E22DB8 /* Base Class */,
				492D1E6820585B4800E22DB8 /* Screens */,
				4977A2062061B166007DFE3D /* Views */,
				492D1E7D205866CB00E22DB8 /* Protocols */,
				498603F02059ACCD00F48BA7 /* Network */,
				492D1E7F205866DB00E22DB8 /* Providers */,
				492D1E7E205866D300E22DB8 /* Models */,
				492D1E6720585B2F00E22DB8 /* Resources */,
			);
			path = "Photo Viewer";
			sourceTree = "<group>";
		};
		498EA2382058475A00319F60 /* Photo ViewerTests */ = {
			isa = PBXGroup;
			children = (
				498EA23B2058475A00319F60 /* Info.plist */,
				4977A21720630BB4007DFE3D /* PintrestRequestsTests.swift */,
				4977A21D20631808007DFE3D /* PinterestErrorHandlerTests.swift */,
				4977A21B20631245007DFE3D /* HomeViewControllerTests.swift */,
				4977A2192063106B007DFE3D /* FakePhotoProvider.swift */,
			);
			path = "Photo ViewerTests";
			sourceTree = "<group>";
		};
		49FFD31A205B193000319E53 /* Onboarding Screen */ = {
			isa = PBXGroup;
			children = (
				4934A1B220605B1A008416D7 /* OnboardingViewController.swift */,
				4934A1B62060677A008416D7 /* OnboardingViewModel.swift */,
			);
			path = "Onboarding Screen";
			sourceTree = "<group>";
		};
		904A94D602C9287868ACDE7D /* Frameworks */ = {
			isa = PBXGroup;
			children = (
				DE0FBFF00AE44293B8EAD331 /* Pods_Photo_Viewer.framework */,
				FF660E5C84685E013974FD4D /* Pods_Photo_ViewerTests.framework */,
			);
			name = Frameworks;
			sourceTree = "<group>";
		};
/* End PBXGroup section */

/* Begin PBXNativeTarget section */
		498EA2202058475A00319F60 /* Photo Viewer */ = {
			isa = PBXNativeTarget;
			buildConfigurationList = 498EA23E2058475A00319F60 /* Build configuration list for PBXNativeTarget "Photo Viewer" */;
			buildPhases = (
				537BFFE65F8747C729AB68D4 /* [CP] Check Pods Manifest.lock */,
				498EA21D2058475A00319F60 /* Sources */,
				498EA21E2058475A00319F60 /* Frameworks */,
				498EA21F2058475A00319F60 /* Resources */,
				0C6DE4EE714F96C163E68ADF /* [CP] Embed Pods Frameworks */,
				8B262264574181B4E15D45E0 /* [CP] Copy Pods Resources */,
				492D1E7A205865A800E22DB8 /* TO-DO as Warning */,
			);
			buildRules = (
			);
			dependencies = (
			);
			name = "Photo Viewer";
			productName = "Photo Viewer";
			productReference = 498EA2212058475A00319F60 /* Photo Viewer.app */;
			productType = "com.apple.product-type.application";
		};
		498EA2342058475A00319F60 /* Photo ViewerTests */ = {
			isa = PBXNativeTarget;
			buildConfigurationList = 498EA2412058475A00319F60 /* Build configuration list for PBXNativeTarget "Photo ViewerTests" */;
			buildPhases = (
				90C19235AAEADCF578B33932 /* [CP] Check Pods Manifest.lock */,
				498EA2312058475A00319F60 /* Sources */,
				498EA2322058475A00319F60 /* Frameworks */,
				498EA2332058475A00319F60 /* Resources */,
				A8693B5C640F96FA49AE1CB1 /* [CP] Embed Pods Frameworks */,
				3B35A09AEF6B8BB669CE5611 /* [CP] Copy Pods Resources */,
			);
			buildRules = (
			);
			dependencies = (
				498EA2372058475A00319F60 /* PBXTargetDependency */,
			);
			name = "Photo ViewerTests";
			productName = "Photo ViewerTests";
			productReference = 498EA2352058475A00319F60 /* Photo ViewerTests.xctest */;
			productType = "com.apple.product-type.bundle.unit-test";
		};
/* End PBXNativeTarget section */

/* Begin PBXProject section */
		498EA2192058475A00319F60 /* Project object */ = {
			isa = PBXProject;
			attributes = {
				LastSwiftUpdateCheck = 0920;
				LastUpgradeCheck = 0920;
				ORGANIZATIONNAME = "Maciej Matuszewski";
				TargetAttributes = {
					498EA2202058475A00319F60 = {
						CreatedOnToolsVersion = 9.2;
						ProvisioningStyle = Automatic;
					};
					498EA2342058475A00319F60 = {
						CreatedOnToolsVersion = 9.2;
						ProvisioningStyle = Automatic;
						TestTargetID = 498EA2202058475A00319F60;
					};
				};
			};
			buildConfigurationList = 498EA21C2058475A00319F60 /* Build configuration list for PBXProject "Photo Viewer" */;
			compatibilityVersion = "Xcode 8.0";
			developmentRegion = en;
			hasScannedForEncodings = 0;
			knownRegions = (
				en,
				Base,
			);
			mainGroup = 498EA2182058475A00319F60;
			productRefGroup = 498EA2222058475A00319F60 /* Products */;
			projectDirPath = "";
			projectRoot = "";
			targets = (
				498EA2202058475A00319F60 /* Photo Viewer */,
				498EA2342058475A00319F60 /* Photo ViewerTests */,
			);
		};
/* End PBXProject section */

/* Begin PBXResourcesBuildPhase section */
		498EA21F2058475A00319F60 /* Resources */ = {
			isa = PBXResourcesBuildPhase;
			buildActionMask = 2147483647;
			files = (
				498EA22F2058475A00319F60 /* LaunchScreen.storyboard in Resources */,
				498EA22C2058475A00319F60 /* Assets.xcassets in Resources */,
			);
			runOnlyForDeploymentPostprocessing = 0;
		};
		498EA2332058475A00319F60 /* Resources */ = {
			isa = PBXResourcesBuildPhase;
			buildActionMask = 2147483647;
			files = (
			);
			runOnlyForDeploymentPostprocessing = 0;
		};
/* End PBXResourcesBuildPhase section */

/* Begin PBXShellScriptBuildPhase section */
		0C6DE4EE714F96C163E68ADF /* [CP] Embed Pods Frameworks */ = {
			isa = PBXShellScriptBuildPhase;
			buildActionMask = 2147483647;
			files = (
			);
			inputPaths = (
				"${SRCROOT}/Pods/Target Support Files/Pods-Photo Viewer/Pods-Photo Viewer-frameworks.sh",
				"${BUILT_PRODUCTS_DIR}/KeychainAccess/KeychainAccess.framework",
				"${BUILT_PRODUCTS_DIR}/Kingfisher/Kingfisher.framework",
				"${BUILT_PRODUCTS_DIR}/RxCocoa/RxCocoa.framework",
				"${BUILT_PRODUCTS_DIR}/RxSwift/RxSwift.framework",
			);
			name = "[CP] Embed Pods Frameworks";
			outputPaths = (
				"${TARGET_BUILD_DIR}/${FRAMEWORKS_FOLDER_PATH}/KeychainAccess.framework",
				"${TARGET_BUILD_DIR}/${FRAMEWORKS_FOLDER_PATH}/Kingfisher.framework",
				"${TARGET_BUILD_DIR}/${FRAMEWORKS_FOLDER_PATH}/RxCocoa.framework",
				"${TARGET_BUILD_DIR}/${FRAMEWORKS_FOLDER_PATH}/RxSwift.framework",
			);
			runOnlyForDeploymentPostprocessing = 0;
			shellPath = /bin/sh;
			shellScript = "\"${SRCROOT}/Pods/Target Support Files/Pods-Photo Viewer/Pods-Photo Viewer-frameworks.sh\"\n";
			showEnvVarsInLog = 0;
		};
		3B35A09AEF6B8BB669CE5611 /* [CP] Copy Pods Resources */ = {
			isa = PBXShellScriptBuildPhase;
			buildActionMask = 2147483647;
			files = (
			);
			inputPaths = (
			);
			name = "[CP] Copy Pods Resources";
			outputPaths = (
			);
			runOnlyForDeploymentPostprocessing = 0;
			shellPath = /bin/sh;
			shellScript = "\"${SRCROOT}/Pods/Target Support Files/Pods-Photo ViewerTests/Pods-Photo ViewerTests-resources.sh\"\n";
			showEnvVarsInLog = 0;
		};
		492D1E7A205865A800E22DB8 /* TO-DO as Warning */ = {
			isa = PBXShellScriptBuildPhase;
			buildActionMask = 2147483647;
			files = (
			);
			inputPaths = (
			);
			name = "TO-DO as Warning";
			outputPaths = (
			);
			runOnlyForDeploymentPostprocessing = 0;
			shellPath = /bin/sh;
			shellScript = "#Script to make TODO a Warning\nif [ \"${CONFIGURATION}\" = \"Debug\" ]\nthen\n#TAGS are words which will be treated as warnings separated by comma(,)\nTAGS=\"TO-DO:\"\necho \"searching ${SRCROOT} for ${TAGS}\"\nfind \"${SRCROOT}\" \\( -name \"*.swift\" \\) -print0 | xargs -0 egrep --with-filename --line-number --only-matching \"($TAGS).*\\$\" | perl -p -e \"s/($TAGS)/ warning: \\$1/\"\nfi";
		};
		537BFFE65F8747C729AB68D4 /* [CP] Check Pods Manifest.lock */ = {
			isa = PBXShellScriptBuildPhase;
			buildActionMask = 2147483647;
			files = (
			);
			inputPaths = (
				"${PODS_PODFILE_DIR_PATH}/Podfile.lock",
				"${PODS_ROOT}/Manifest.lock",
			);
			name = "[CP] Check Pods Manifest.lock";
			outputPaths = (
				"$(DERIVED_FILE_DIR)/Pods-Photo Viewer-checkManifestLockResult.txt",
			);
			runOnlyForDeploymentPostprocessing = 0;
			shellPath = /bin/sh;
			shellScript = "diff \"${PODS_PODFILE_DIR_PATH}/Podfile.lock\" \"${PODS_ROOT}/Manifest.lock\" > /dev/null\nif [ $? != 0 ] ; then\n    # print error to STDERR\n    echo \"error: The sandbox is not in sync with the Podfile.lock. Run 'pod install' or update your CocoaPods installation.\" >&2\n    exit 1\nfi\n# This output is used by Xcode 'outputs' to avoid re-running this script phase.\necho \"SUCCESS\" > \"${SCRIPT_OUTPUT_FILE_0}\"\n";
			showEnvVarsInLog = 0;
		};
		8B262264574181B4E15D45E0 /* [CP] Copy Pods Resources */ = {
			isa = PBXShellScriptBuildPhase;
			buildActionMask = 2147483647;
			files = (
			);
			inputPaths = (
			);
			name = "[CP] Copy Pods Resources";
			outputPaths = (
			);
			runOnlyForDeploymentPostprocessing = 0;
			shellPath = /bin/sh;
			shellScript = "\"${SRCROOT}/Pods/Target Support Files/Pods-Photo Viewer/Pods-Photo Viewer-resources.sh\"\n";
			showEnvVarsInLog = 0;
		};
		90C19235AAEADCF578B33932 /* [CP] Check Pods Manifest.lock */ = {
			isa = PBXShellScriptBuildPhase;
			buildActionMask = 2147483647;
			files = (
			);
			inputPaths = (
				"${PODS_PODFILE_DIR_PATH}/Podfile.lock",
				"${PODS_ROOT}/Manifest.lock",
			);
			name = "[CP] Check Pods Manifest.lock";
			outputPaths = (
				"$(DERIVED_FILE_DIR)/Pods-Photo ViewerTests-checkManifestLockResult.txt",
			);
			runOnlyForDeploymentPostprocessing = 0;
			shellPath = /bin/sh;
			shellScript = "diff \"${PODS_PODFILE_DIR_PATH}/Podfile.lock\" \"${PODS_ROOT}/Manifest.lock\" > /dev/null\nif [ $? != 0 ] ; then\n    # print error to STDERR\n    echo \"error: The sandbox is not in sync with the Podfile.lock. Run 'pod install' or update your CocoaPods installation.\" >&2\n    exit 1\nfi\n# This output is used by Xcode 'outputs' to avoid re-running this script phase.\necho \"SUCCESS\" > \"${SCRIPT_OUTPUT_FILE_0}\"\n";
			showEnvVarsInLog = 0;
		};
		A8693B5C640F96FA49AE1CB1 /* [CP] Embed Pods Frameworks */ = {
			isa = PBXShellScriptBuildPhase;
			buildActionMask = 2147483647;
			files = (
			);
			inputPaths = (
				"${SRCROOT}/Pods/Target Support Files/Pods-Photo ViewerTests/Pods-Photo ViewerTests-frameworks.sh",
				"${BUILT_PRODUCTS_DIR}/KeychainAccess/KeychainAccess.framework",
				"${BUILT_PRODUCTS_DIR}/Kingfisher/Kingfisher.framework",
				"${BUILT_PRODUCTS_DIR}/RxCocoa/RxCocoa.framework",
				"${BUILT_PRODUCTS_DIR}/RxSwift/RxSwift.framework",
			);
			name = "[CP] Embed Pods Frameworks";
			outputPaths = (
				"${TARGET_BUILD_DIR}/${FRAMEWORKS_FOLDER_PATH}/KeychainAccess.framework",
				"${TARGET_BUILD_DIR}/${FRAMEWORKS_FOLDER_PATH}/Kingfisher.framework",
				"${TARGET_BUILD_DIR}/${FRAMEWORKS_FOLDER_PATH}/RxCocoa.framework",
				"${TARGET_BUILD_DIR}/${FRAMEWORKS_FOLDER_PATH}/RxSwift.framework",
			);
			runOnlyForDeploymentPostprocessing = 0;
			shellPath = /bin/sh;
			shellScript = "\"${SRCROOT}/Pods/Target Support Files/Pods-Photo ViewerTests/Pods-Photo ViewerTests-frameworks.sh\"\n";
			showEnvVarsInLog = 0;
		};
/* End PBXShellScriptBuildPhase section */

/* Begin PBXSourcesBuildPhase section */
		498EA21D2058475A00319F60 /* Sources */ = {
			isa = PBXSourcesBuildPhase;
			buildActionMask = 2147483647;
			files = (
				498EA2252058475A00319F60 /* AppDelegate.swift in Sources */,
				4977A20E2062FA60007DFE3D /* ErrorHandler.swift in Sources */,
				4934A1B72060677A008416D7 /* OnboardingViewModel.swift in Sources */,
				4977A2082061C9A3007DFE3D /* PinterestSearchPinsRequest.swift in Sources */,
				4977A2032061A9F1007DFE3D /* EmptyStateView.swift in Sources */,
				498603EA2059A39700F48BA7 /* PhotosProvider.swift in Sources */,
				492D1E7420585DF000E22DB8 /* UIFont+AppFonts.swift in Sources */,
				4977A20C2062F76B007DFE3D /* ErrorModel.swift in Sources */,
				4934A1B520605CEC008416D7 /* MessaageView.swift in Sources */,
				498603F62059D62700F48BA7 /* PinterestResponseModel.swift in Sources */,
				4934A1B320605B64008416D7 /* OnboardingViewController.swift in Sources */,
				4977A22020632243007DFE3D /* PhotoPreviewViewControllerTransition.swift in Sources */,
				4977A20A2062EE29007DFE3D /* PinterestErrorModel.swift in Sources */,
				498603F72059D62700F48BA7 /* PinterestPinsRequest.swift in Sources */,
				492D1E7320585DF000E22DB8 /* UIImage+Brightness.swift in Sources */,
				499797AA2058760D00BB259F /* HomeViewModel.swift in Sources */,
				492D1E7220585DF000E22DB8 /* String+Utility.swift in Sources */,
				492D1E6A20585B7900E22DB8 /* HomeViewController.swift in Sources */,
				492D1E79205861FF00E22DB8 /* StyleController.swift in Sources */,
				498603EE2059AC7400F48BA7 /* APIRequest.swift in Sources */,
				492D1E882058740900E22DB8 /* HomeTableViewCell.swift in Sources */,
				49F47101205AAFC3004FBF62 /* PhotoPreviewViewController.swift in Sources */,
				4977A2122062FB68007DFE3D /* PinterestErrorHandler.swift in Sources */,
				498603ED2059AC7400F48BA7 /* APIClient.swift in Sources */,
				499797AC2058770100BB259F /* PhotoModel.swift in Sources */,
				492D1E7520585DF000E22DB8 /* UIColor+AppColors.swift in Sources */,
				4977A2052061B160007DFE3D /* LoginStateView.swift in Sources */,
				492D1E6C20585BA400E22DB8 /* BaseViewController.swift in Sources */,
				498603F22059AD0100F48BA7 /* PinterestProvider.swift in Sources */,
				4977A216206301F1007DFE3D /* UIAlertController+Extensions.swift in Sources */,
				49FFD317205B0E1500319E53 /* FlowController.swift in Sources */,
			);
			runOnlyForDeploymentPostprocessing = 0;
		};
		498EA2312058475A00319F60 /* Sources */ = {
			isa = PBXSourcesBuildPhase;
			buildActionMask = 2147483647;
			files = (
				4977A21E20631808007DFE3D /* PinterestErrorHandlerTests.swift in Sources */,
				4977A21820630BB4007DFE3D /* PintrestRequestsTests.swift in Sources */,
				4977A21A2063106B007DFE3D /* FakePhotoProvider.swift in Sources */,
				4977A21C20631245007DFE3D /* HomeViewControllerTests.swift in Sources */,
			);
			runOnlyForDeploymentPostprocessing = 0;
		};
/* End PBXSourcesBuildPhase section */

/* Begin PBXTargetDependency section */
		498EA2372058475A00319F60 /* PBXTargetDependency */ = {
			isa = PBXTargetDependency;
			target = 498EA2202058475A00319F60 /* Photo Viewer */;
			targetProxy = 498EA2362058475A00319F60 /* PBXContainerItemProxy */;
		};
/* End PBXTargetDependency section */

/* Begin PBXVariantGroup section */
		498EA22D2058475A00319F60 /* LaunchScreen.storyboard */ = {
			isa = PBXVariantGroup;
			children = (
				498EA22E2058475A00319F60 /* Base */,
			);
			name = LaunchScreen.storyboard;
			sourceTree = "<group>";
		};
/* End PBXVariantGroup section */

/* Begin XCBuildConfiguration section */
		498EA23C2058475A00319F60 /* Debug */ = {
			isa = XCBuildConfiguration;
			buildSettings = {
				ALWAYS_SEARCH_USER_PATHS = NO;
				CLANG_ANALYZER_NONNULL = YES;
				CLANG_ANALYZER_NUMBER_OBJECT_CONVERSION = YES_AGGRESSIVE;
				CLANG_CXX_LANGUAGE_STANDARD = "gnu++14";
				CLANG_CXX_LIBRARY = "libc++";
				CLANG_ENABLE_MODULES = YES;
				CLANG_ENABLE_OBJC_ARC = YES;
				CLANG_WARN_BLOCK_CAPTURE_AUTORELEASING = YES;
				CLANG_WARN_BOOL_CONVERSION = YES;
				CLANG_WARN_COMMA = YES;
				CLANG_WARN_CONSTANT_CONVERSION = YES;
				CLANG_WARN_DIRECT_OBJC_ISA_USAGE = YES_ERROR;
				CLANG_WARN_DOCUMENTATION_COMMENTS = YES;
				CLANG_WARN_EMPTY_BODY = YES;
				CLANG_WARN_ENUM_CONVERSION = YES;
				CLANG_WARN_INFINITE_RECURSION = YES;
				CLANG_WARN_INT_CONVERSION = YES;
				CLANG_WARN_NON_LITERAL_NULL_CONVERSION = YES;
				CLANG_WARN_OBJC_LITERAL_CONVERSION = YES;
				CLANG_WARN_OBJC_ROOT_CLASS = YES_ERROR;
				CLANG_WARN_RANGE_LOOP_ANALYSIS = YES;
				CLANG_WARN_STRICT_PROTOTYPES = YES;
				CLANG_WARN_SUSPICIOUS_MOVE = YES;
				CLANG_WARN_UNGUARDED_AVAILABILITY = YES_AGGRESSIVE;
				CLANG_WARN_UNREACHABLE_CODE = YES;
				CLANG_WARN__DUPLICATE_METHOD_MATCH = YES;
				CODE_SIGN_IDENTITY = "iPhone Developer";
				COPY_PHASE_STRIP = NO;
				DEBUG_INFORMATION_FORMAT = dwarf;
				ENABLE_STRICT_OBJC_MSGSEND = YES;
				ENABLE_TESTABILITY = YES;
				GCC_C_LANGUAGE_STANDARD = gnu11;
				GCC_DYNAMIC_NO_PIC = NO;
				GCC_NO_COMMON_BLOCKS = YES;
				GCC_OPTIMIZATION_LEVEL = 0;
				GCC_PREPROCESSOR_DEFINITIONS = (
					"DEBUG=1",
					"$(inherited)",
				);
				GCC_WARN_64_TO_32_BIT_CONVERSION = YES;
				GCC_WARN_ABOUT_RETURN_TYPE = YES_ERROR;
				GCC_WARN_UNDECLARED_SELECTOR = YES;
				GCC_WARN_UNINITIALIZED_AUTOS = YES_AGGRESSIVE;
				GCC_WARN_UNUSED_FUNCTION = YES;
				GCC_WARN_UNUSED_VARIABLE = YES;
				IPHONEOS_DEPLOYMENT_TARGET = 11.2;
				MTL_ENABLE_DEBUG_INFO = YES;
				ONLY_ACTIVE_ARCH = YES;
				SDKROOT = iphoneos;
				SWIFT_ACTIVE_COMPILATION_CONDITIONS = DEBUG;
				SWIFT_OPTIMIZATION_LEVEL = "-Onone";
			};
			name = Debug;
		};
		498EA23D2058475A00319F60 /* Release */ = {
			isa = XCBuildConfiguration;
			buildSettings = {
				ALWAYS_SEARCH_USER_PATHS = NO;
				CLANG_ANALYZER_NONNULL = YES;
				CLANG_ANALYZER_NUMBER_OBJECT_CONVERSION = YES_AGGRESSIVE;
				CLANG_CXX_LANGUAGE_STANDARD = "gnu++14";
				CLANG_CXX_LIBRARY = "libc++";
				CLANG_ENABLE_MODULES = YES;
				CLANG_ENABLE_OBJC_ARC = YES;
				CLANG_WARN_BLOCK_CAPTURE_AUTORELEASING = YES;
				CLANG_WARN_BOOL_CONVERSION = YES;
				CLANG_WARN_COMMA = YES;
				CLANG_WARN_CONSTANT_CONVERSION = YES;
				CLANG_WARN_DIRECT_OBJC_ISA_USAGE = YES_ERROR;
				CLANG_WARN_DOCUMENTATION_COMMENTS = YES;
				CLANG_WARN_EMPTY_BODY = YES;
				CLANG_WARN_ENUM_CONVERSION = YES;
				CLANG_WARN_INFINITE_RECURSION = YES;
				CLANG_WARN_INT_CONVERSION = YES;
				CLANG_WARN_NON_LITERAL_NULL_CONVERSION = YES;
				CLANG_WARN_OBJC_LITERAL_CONVERSION = YES;
				CLANG_WARN_OBJC_ROOT_CLASS = YES_ERROR;
				CLANG_WARN_RANGE_LOOP_ANALYSIS = YES;
				CLANG_WARN_STRICT_PROTOTYPES = YES;
				CLANG_WARN_SUSPICIOUS_MOVE = YES;
				CLANG_WARN_UNGUARDED_AVAILABILITY = YES_AGGRESSIVE;
				CLANG_WARN_UNREACHABLE_CODE = YES;
				CLANG_WARN__DUPLICATE_METHOD_MATCH = YES;
				CODE_SIGN_IDENTITY = "iPhone Developer";
				COPY_PHASE_STRIP = NO;
				DEBUG_INFORMATION_FORMAT = "dwarf-with-dsym";
				ENABLE_NS_ASSERTIONS = NO;
				ENABLE_STRICT_OBJC_MSGSEND = YES;
				GCC_C_LANGUAGE_STANDARD = gnu11;
				GCC_NO_COMMON_BLOCKS = YES;
				GCC_WARN_64_TO_32_BIT_CONVERSION = YES;
				GCC_WARN_ABOUT_RETURN_TYPE = YES_ERROR;
				GCC_WARN_UNDECLARED_SELECTOR = YES;
				GCC_WARN_UNINITIALIZED_AUTOS = YES_AGGRESSIVE;
				GCC_WARN_UNUSED_FUNCTION = YES;
				GCC_WARN_UNUSED_VARIABLE = YES;
				IPHONEOS_DEPLOYMENT_TARGET = 11.2;
				MTL_ENABLE_DEBUG_INFO = NO;
				SDKROOT = iphoneos;
				SWIFT_OPTIMIZATION_LEVEL = "-Owholemodule";
				VALIDATE_PRODUCT = YES;
			};
			name = Release;
		};
		498EA23F2058475A00319F60 /* Debug */ = {
			isa = XCBuildConfiguration;
			baseConfigurationReference = 152DD9C7296520CD6CE0C5C4 /* Pods-Photo Viewer.debug.xcconfig */;
			buildSettings = {
				ALWAYS_EMBED_SWIFT_STANDARD_LIBRARIES = "$(inherited)";
				ASSETCATALOG_COMPILER_APPICON_NAME = AppIcon;
				"CODE_SIGN_IDENTITY[sdk=iphoneos*]" = "iPhone Developer";
				CODE_SIGN_STYLE = Automatic;
				DEVELOPMENT_TEAM = 6SZUYZ5FFC;
				INFOPLIST_FILE = "$(SRCROOT)/Photo Viewer/Resources/Info.plist";
				LD_RUNPATH_SEARCH_PATHS = "$(inherited) @executable_path/Frameworks";
				PRODUCT_BUNDLE_IDENTIFIER = com.matuszewski.PhotoViewer;
				PRODUCT_NAME = "$(TARGET_NAME)";
				PROVISIONING_PROFILE_SPECIFIER = "";
				SWIFT_TREAT_WARNINGS_AS_ERRORS = YES;
				SWIFT_VERSION = 4.0;
				TARGETED_DEVICE_FAMILY = 1;
			};
			name = Debug;
		};
		498EA2402058475A00319F60 /* Release */ = {
			isa = XCBuildConfiguration;
			baseConfigurationReference = 9BAEA64306382D3072F0D995 /* Pods-Photo Viewer.release.xcconfig */;
			buildSettings = {
				ALWAYS_EMBED_SWIFT_STANDARD_LIBRARIES = "$(inherited)";
				ASSETCATALOG_COMPILER_APPICON_NAME = AppIcon;
				"CODE_SIGN_IDENTITY[sdk=iphoneos*]" = "iPhone Developer";
				CODE_SIGN_STYLE = Automatic;
				DEVELOPMENT_TEAM = 6SZUYZ5FFC;
				INFOPLIST_FILE = "$(SRCROOT)/Photo Viewer/Resources/Info.plist";
				LD_RUNPATH_SEARCH_PATHS = "$(inherited) @executable_path/Frameworks";
				PRODUCT_BUNDLE_IDENTIFIER = com.matuszewski.PhotoViewer;
				PRODUCT_NAME = "$(TARGET_NAME)";
				PROVISIONING_PROFILE_SPECIFIER = "";
				SWIFT_VERSION = 4.0;
				TARGETED_DEVICE_FAMILY = 1;
			};
			name = Release;
		};
		498EA2422058475A00319F60 /* Debug */ = {
			isa = XCBuildConfiguration;
			baseConfigurationReference = 1DE14812260FE100B72E317E /* Pods-Photo ViewerTests.debug.xcconfig */;
			buildSettings = {
				ALWAYS_EMBED_SWIFT_STANDARD_LIBRARIES = "$(inherited)";
				BUNDLE_LOADER = "$(TEST_HOST)";
				CODE_SIGN_STYLE = Automatic;
				DEVELOPMENT_TEAM = TLA9984P8M;
				INFOPLIST_FILE = "Photo ViewerTests/Info.plist";
				LD_RUNPATH_SEARCH_PATHS = "$(inherited) @executable_path/Frameworks @loader_path/Frameworks";
				PRODUCT_BUNDLE_IDENTIFIER = "com.matuszewski.Photo-ViewerTests";
				PRODUCT_NAME = "$(TARGET_NAME)";
				SWIFT_VERSION = 4.0;
				TARGETED_DEVICE_FAMILY = "1,2";
				TEST_HOST = "$(BUILT_PRODUCTS_DIR)/Photo Viewer.app/Photo Viewer";
			};
			name = Debug;
		};
		498EA2432058475A00319F60 /* Release */ = {
			isa = XCBuildConfiguration;
			baseConfigurationReference = 407F609A3C210930E9A6473C /* Pods-Photo ViewerTests.release.xcconfig */;
			buildSettings = {
				ALWAYS_EMBED_SWIFT_STANDARD_LIBRARIES = "$(inherited)";
				BUNDLE_LOADER = "$(TEST_HOST)";
				CODE_SIGN_STYLE = Automatic;
				DEVELOPMENT_TEAM = TLA9984P8M;
				INFOPLIST_FILE = "Photo ViewerTests/Info.plist";
				LD_RUNPATH_SEARCH_PATHS = "$(inherited) @executable_path/Frameworks @loader_path/Frameworks";
				PRODUCT_BUNDLE_IDENTIFIER = "com.matuszewski.Photo-ViewerTests";
				PRODUCT_NAME = "$(TARGET_NAME)";
				SWIFT_VERSION = 4.0;
				TARGETED_DEVICE_FAMILY = "1,2";
				TEST_HOST = "$(BUILT_PRODUCTS_DIR)/Photo Viewer.app/Photo Viewer";
			};
			name = Release;
		};
/* End XCBuildConfiguration section */

/* Begin XCConfigurationList section */
		498EA21C2058475A00319F60 /* Build configuration list for PBXProject "Photo Viewer" */ = {
			isa = XCConfigurationList;
			buildConfigurations = (
				498EA23C2058475A00319F60 /* Debug */,
				498EA23D2058475A00319F60 /* Release */,
			);
			defaultConfigurationIsVisible = 0;
			defaultConfigurationName = Release;
		};
		498EA23E2058475A00319F60 /* Build configuration list for PBXNativeTarget "Photo Viewer" */ = {
			isa = XCConfigurationList;
			buildConfigurations = (
				498EA23F2058475A00319F60 /* Debug */,
				498EA2402058475A00319F60 /* Release */,
			);
			defaultConfigurationIsVisible = 0;
			defaultConfigurationName = Release;
		};
		498EA2412058475A00319F60 /* Build configuration list for PBXNativeTarget "Photo ViewerTests" */ = {
			isa = XCConfigurationList;
			buildConfigurations = (
				498EA2422058475A00319F60 /* Debug */,
				498EA2432058475A00319F60 /* Release */,
			);
			defaultConfigurationIsVisible = 0;
			defaultConfigurationName = Release;
		};
/* End XCConfigurationList section */
	};
	rootObject = 498EA2192058475A00319F60 /* Project object */;
}
